<?xml version="1.0" encoding="utf-8"?>
<Project ToolsVersion="4.0" xmlns="http://schemas.microsoft.com/developer/msbuild/2003">
  <ItemGroup>
    <Filter Include="Source Files">
      <UniqueIdentifier>{f6bbe9e0-6fd5-4cba-b955-5fc794a76691}</UniqueIdentifier>
      <Extensions>cpp;c;cxx;rc;def;r;odl;idl;hpj;bat</Extensions>
    </Filter>
    <Filter Include="Header Files">
      <UniqueIdentifier>{cb9a469c-27e0-4c59-8f25-05571dd5ad48}</UniqueIdentifier>
      <Extensions>h;hpp;hxx;hm;inl</Extensions>
    </Filter>
  </ItemGroup>
  <ItemGroup>
    <ClCompile Include="bpfsystem.cpp">
      <Filter>Source Files</Filter>
    </ClCompile>
    <ClCompile Include="crc32.cpp">
      <Filter>Source Files</Filter>
    </ClCompile>
    <ClCompile Include="erat_mod.cpp">
      <Filter>Source Files</Filter>
    </ClCompile>
    <ClCompile Include="ipfsymbol.cpp">
      <Filter>Source Files</Filter>
    </ClCompile>
    <ClCompile Include="ipfsystem.cpp">
      <Filter>Source Files</Filter>
    </ClCompile>
    <ClCompile Include="pfboolean.cpp">
      <Filter>Source Files</Filter>
    </ClCompile>
    <ClCompile Include="pfcircularbuffer.cpp">
      <Filter>Source Files</Filter>
    </ClCompile>
    <ClCompile Include="pfforwarditerator.cpp">
      <Filter>Source Files</Filter>
    </ClCompile>
    <ClCompile Include="pflibpch.cpp">
      <Filter>Source Files</Filter>
    </ClCompile>
    <ClCompile Include="pflist.cpp">
      <Filter>Source Files</Filter>
    </ClCompile>
    <ClCompile Include="pflistnode.cpp">
      <Filter>Source Files</Filter>
    </ClCompile>
    <ClCompile Include="pfstring.cpp">
      <Filter>Source Files</Filter>
    </ClCompile>
    <ClCompile Include="pfsymboltable.cpp">
      <Filter>Source Files</Filter>
    </ClCompile>
    <ClCompile Include="timer.cpp">
      <Filter>Source Files</Filter>
    </ClCompile>
    <ClCompile Include="wpfsystem.cpp">
      <Filter>Source Files</Filter>
    </ClCompile>
  </ItemGroup>
  <ItemGroup>
    <ClInclude Include="bpfsystem.h">
      <Filter>Header Files</Filter>
    </ClInclude>
    <ClInclude Include="crc32.h">
      <Filter>Header Files</Filter>
    </ClInclude>
    <ClInclude Include="erat_mod.h">
      <Filter>Header Files</Filter>
    </ClInclude>
    <ClInclude Include="ipfpipe.h">
      <Filter>Header Files</Filter>
    </ClInclude>
    <ClInclude Include="ipfsymbol.h">
      <Filter>Header Files</Filter>
    </ClInclude>
    <ClInclude Include="ipfsystem.h">
      <Filter>Header Files</Filter>
    </ClInclude>
    <ClInclude Include="listbase.h">
      <Filter>Header Files</Filter>
    </ClInclude>
    <ClInclude Include="pfarray.h">
      <Filter>Header Files</Filter>
    </ClInclude>
    <ClInclude Include="pfboolean.h">
      <Filter>Header Files</Filter>
    </ClInclude>
    <ClInclude Include="pfbuffer.h">
      <Filter>Header Files</Filter>
    </ClInclude>
    <ClInclude Include="pfcircularbuffer.h">
      <Filter>Header Files</Filter>
    </ClInclude>
    <ClInclude Include="pffastbuffer.h">
      <Filter>Header Files</Filter>
    </ClInclude>
    <ClInclude Include="pfforwarditerator.h">
      <Filter>Header Files</Filter>
    </ClInclude>
    <ClInclude Include="pflib.h">
      <Filter>Header Files</Filter>
    </ClInclude>
    <ClInclude Include="pflibpch.h">
      <Filter>Header Files</Filter>
    </ClInclude>
    <ClInclude Include="pflist.h">
      <Filter>Header Files</Filter>
    </ClInclude>
    <ClInclude Include="pflistnode.h">
      <Filter>Header Files</Filter>
    </ClInclude>
    <ClInclude Include="..\pfio\pfoutput.h">
      <Filter>Header Files</Filter>
    </ClInclude>
    <ClInclude Include="pfptrarray.h">
      <Filter>Header Files</Filter>
    </ClInclude>
    <ClInclude Include="pfqueue.h">
      <Filter>Header Files</Filter>
    </ClInclude>
    <ClInclude Include="pfstack.h">
      <Filter>Header Files</Filter>
    </ClInclude>
    <ClInclude Include="pfstring.h">
      <Filter>Header Files</Filter>
    </ClInclude>
    <ClInclude Include="pfsymboltable.h">
      <Filter>Header Files</Filter>
    </ClInclude>
    <ClInclude Include="..\..\pfconfig\headers\stdtypes.h">
      <Filter>Header Files</Filter>
    </ClInclude>
    <ClInclude Include="timer.h">
      <Filter>Header Files</Filter>
    </ClInclude>
    <ClInclude Include="wpfsystem.h">
      <Filter>Header Files</Filter>
    </ClInclude>
  </ItemGroup>
</Project>