
Microsoft Visual Studio Solution File, Format Version 9.00
# Visual Studio 2005
Project("{8BC9CEB8-8B4A-11D0-8D11-00A0C91BC942}") = "pfglue", "pfglue.vcproj", "{F9B688E4-F693-4CC2-A4D6-737ABE1CED4A}"
EndProject
Global
	GlobalSection(SolutionConfigurationPlatforms) = preSolution
		Debug|Win32 = Debug|Win32
		Release|Win32 = Release|Win32
	EndGlobalSection
	GlobalSection(ProjectConfigurationPlatforms) = postSolution
		{F9B688E4-F693-4CC2-A4D6-737ABE1CED4A}.Debug|Win32.ActiveCfg = Debug|Win32
		{F9B688E4-F693-4CC2-A4D6-737ABE1CED4A}.Debug|Win32.Build.0 = Debug|Win32
		{F9B688E4-F693-4CC2-A4D6-737ABE1CED4A}.Release|Win32.ActiveCfg = Release|Win32
		{F9B688E4-F693-4CC2-A4D6-737ABE1CED4A}.Release|Win32.Build.0 = Release|Win32
	EndGlobalSection
	GlobalSection(SolutionProperties) = preSolution
		HideSolutionNode = FALSE
	EndGlobalSection
EndGlobal
