<?xml version="1.0" encoding="utf-8"?>
<Project ToolsVersion="4.0" xmlns="http://schemas.microsoft.com/developer/msbuild/2003">
  <ItemGroup>
    <Filter Include="Source Files">
      <UniqueIdentifier>{f466084d-9821-4fbd-aab6-94f2b8e477dd}</UniqueIdentifier>
      <Extensions>cpp;c;cxx;rc;def;r;odl;idl;hpj;bat</Extensions>
    </Filter>
    <Filter Include="Header Files">
      <UniqueIdentifier>{0564fe17-ec00-4e2c-a575-82ea6737670e}</UniqueIdentifier>
      <Extensions>h;hpp;hxx;hm;inl</Extensions>
    </Filter>
  </ItemGroup>
  <ItemGroup>
    <ClCompile Include="compress\compri5.c">
      <Filter>Source Files</Filter>
    </ClCompile>
    <ClCompile Include="compress\compri7.c">
      <Filter>Source Files</Filter>
    </ClCompile>
    <ClCompile Include="erat\erat.c">
      <Filter>Source Files</Filter>
    </ClCompile>
    <ClCompile Include="arith\math16.c">
      <Filter>Source Files</Filter>
    </ClCompile>
    <ClCompile Include="tables\onemeg_cp7.c">
      <Filter>Source Files</Filter>
    </ClCompile>
    <ClCompile Include="tables\pmod30.c">
      <Filter>Source Files</Filter>
    </ClCompile>
    <ClCompile Include="tables\twiddles.c">
      <Filter>Source Files</Filter>
    </ClCompile>
  </ItemGroup>
  <ItemGroup>
    <ClInclude Include="compress\compri5.h">
      <Filter>Header Files</Filter>
    </ClInclude>
    <ClInclude Include="compress\compri7.h">
      <Filter>Header Files</Filter>
    </ClInclude>
    <ClInclude Include="erat\erat.h">
      <Filter>Header Files</Filter>
    </ClInclude>
    <ClInclude Include="types\int64.h">
      <Filter>Header Files</Filter>
    </ClInclude>
    <ClInclude Include="tables\onemeg_cp7.h">
      <Filter>Header Files</Filter>
    </ClInclude>
    <ClInclude Include="tables\pmod30.h">
      <Filter>Header Files</Filter>
    </ClInclude>
    <ClInclude Include="atkins\primegen.h">
      <Filter>Header Files</Filter>
    </ClInclude>
    <ClInclude Include="atkins\primegen_impl.h">
      <Filter>Header Files</Filter>
    </ClInclude>
    <ClInclude Include="tables\twiddles.h">
      <Filter>Header Files</Filter>
    </ClInclude>
    <ClInclude Include="types\uint32.h">
      <Filter>Header Files</Filter>
    </ClInclude>
    <ClInclude Include="types\uint64.h">
      <Filter>Header Files</Filter>
    </ClInclude>
  </ItemGroup>
</Project>