<?xml version="1.0" encoding="utf-8"?>
<Project ToolsVersion="4.0" xmlns="http://schemas.microsoft.com/developer/msbuild/2003">
  <ItemGroup>
    <Filter Include="Source Files">
      <UniqueIdentifier>{25bd3269-bd4b-4d0b-9b15-674d5f06c2cc}</UniqueIdentifier>
      <Extensions>cpp;c;cxx;rc;def;r;odl;idl;hpj;bat</Extensions>
    </Filter>
    <Filter Include="Header Files">
      <UniqueIdentifier>{d2e5dc08-3283-47b2-9292-78f3f338e4e3}</UniqueIdentifier>
      <Extensions>h;hpp;hxx;hm;inl</Extensions>
    </Filter>
  </ItemGroup>
  <ItemGroup>
    <ClCompile Include="pfabc2file.cpp">
      <Filter>Source Files</Filter>
    </ClCompile>
    <ClCompile Include="pfabcdfile.cpp">
      <Filter>Source Files</Filter>
    </ClCompile>
    <ClCompile Include="pfabcfile.cpp">
      <Filter>Source Files</Filter>
    </ClCompile>
    <ClCompile Include="pfabctaskcompleted.cpp">
      <Filter>Source Files</Filter>
    </ClCompile>
    <ClCompile Include="pfcheckfile.cpp">
      <Filter>Source Files</Filter>
    </ClCompile>
    <ClCompile Include="pfconsoleoutput.cpp">
      <Filter>Source Files</Filter>
    </ClCompile>
    <ClCompile Include="pfcpapfile.cpp">
      <Filter>Source Files</Filter>
    </ClCompile>
    <ClCompile Include="pffile.cpp">
      <Filter>Source Files</Filter>
    </ClCompile>
    <ClCompile Include="pffilesymbol.cpp">
      <Filter>Source Files</Filter>
    </ClCompile>
    <ClCompile Include="pfini.cpp">
      <Filter>Source Files</Filter>
    </ClCompile>
    <ClCompile Include="pfnewpgenfile.cpp">
      <Filter>Source Files</Filter>
    </ClCompile>
    <ClCompile Include="pfoutput.cpp">
      <Filter>Source Files</Filter>
    </ClCompile>
    <ClCompile Include="pfprzfile.cpp">
      <Filter>Source Files</Filter>
    </ClCompile>
    <ClCompile Include="pfscriptfile.cpp">
      <Filter>Source Files</Filter>
    </ClCompile>
    <ClCompile Include="pfscriptfns.cpp">
      <Filter>Source Files</Filter>
    </ClCompile>
    <ClCompile Include="pfwin32guioutput.cpp">
      <Filter>Source Files</Filter>
    </ClCompile>
    <ClCompile Include="prz.cpp">
      <Filter>Source Files</Filter>
    </ClCompile>
  </ItemGroup>
  <ItemGroup>
    <ClInclude Include="pfabc2file.h">
      <Filter>Header Files</Filter>
    </ClInclude>
    <ClInclude Include="pfabcdfile.h">
      <Filter>Header Files</Filter>
    </ClInclude>
    <ClInclude Include="pfabcfile.h">
      <Filter>Header Files</Filter>
    </ClInclude>
    <ClInclude Include="pfabctaskcompleted.h">
      <Filter>Header Files</Filter>
    </ClInclude>
    <ClInclude Include="pfcheckfile.h">
      <Filter>Header Files</Filter>
    </ClInclude>
    <ClInclude Include="pfcpapfile.h">
      <Filter>Header Files</Filter>
    </ClInclude>
    <ClInclude Include="pffile.h">
      <Filter>Header Files</Filter>
    </ClInclude>
    <ClInclude Include="pffilesymbol.h">
      <Filter>Header Files</Filter>
    </ClInclude>
    <ClInclude Include="pfini.h">
      <Filter>Header Files</Filter>
    </ClInclude>
    <ClInclude Include="pfnetworkfile.h">
      <Filter>Header Files</Filter>
    </ClInclude>
    <ClInclude Include="pfnetworkfile2.h">
      <Filter>Header Files</Filter>
    </ClInclude>
    <ClInclude Include="pfnewpgenfile.h">
      <Filter>Header Files</Filter>
    </ClInclude>
    <ClInclude Include="pfoutput.h">
      <Filter>Header Files</Filter>
    </ClInclude>
    <ClInclude Include="pfprzfile.h">
      <Filter>Header Files</Filter>
    </ClInclude>
    <ClInclude Include="pfscriptfile.h">
      <Filter>Header Files</Filter>
    </ClInclude>
    <ClInclude Include="prz.h">
      <Filter>Header Files</Filter>
    </ClInclude>
  </ItemGroup>
  <ItemGroup>
    <None Include="..\..\newpgenformats.txt" />
  </ItemGroup>
</Project>